
Microsoft Visual Studio Solution File, Format Version 12.00
# Visual Studio Version 17
VisualStudioVersion = 17.5.2.0
MinimumVisualStudioVersion = 10.0.40219.1
Project("{2150E333-8FDC-42A3-9474-1A3956D46DE8}") = "src", "src", "{827E0CD3-B72D-47B6-A68D-7590B98EB39B}"
EndProject
Project("{2150E333-8FDC-42A3-9474-1A3956D46DE8}") = "windows", "windows", "{A5FE5550-1A7D-4379-3120-B0EB52354176}"
EndProject
Project("{FAE04EC0-301F-11D3-BF4B-00C04F79EFBC}") = "RaplProbe", "src\windows\RaplProbe\RaplProbe.csproj", "{0F945D92-6C78-876B-F7B7-83E70B200803}"
EndProject
Project("{2150E333-8FDC-42A3-9474-1A3956D46DE8}") = "linux", "linux", "{A82048BE-9F63-0AF5-69D3-E0DBA9F77293}"
EndProject
Project("{FAE04EC0-301F-11D3-BF4B-00C04F79EFBC}") = "RaplProbe", "src\linux\RaplProbe\RaplProbe.csproj", "{21543E4B-3486-477B-AAC7-CA883CE12FC8}"
EndProject
Global
	GlobalSection(SolutionConfigurationPlatforms) = preSolution
		Debug|Any CPU = Debug|Any CPU
		Debug|x64 = Debug|x64
		Debug|x86 = Debug|x86
		Release|Any CPU = Release|Any CPU
		Release|x64 = Release|x64
		Release|x86 = Release|x86
	EndGlobalSection
	GlobalSection(ProjectConfigurationPlatforms) = postSolution
		{0F945D92-6C78-876B-F7B7-83E70B200803}.Debug|Any CPU.ActiveCfg = Debug|Any CPU
		{0F945D92-6C78-876B-F7B7-83E70B200803}.Debug|Any CPU.Build.0 = Debug|Any CPU
		{0F945D92-6C78-876B-F7B7-83E70B200803}.Debug|x64.ActiveCfg = Debug|Any CPU
		{0F945D92-6C78-876B-F7B7-83E70B200803}.Debug|x64.Build.0 = Debug|Any CPU
		{0F945D92-6C78-876B-F7B7-83E70B200803}.Debug|x86.ActiveCfg = Debug|Any CPU
		{0F945D92-6C78-876B-F7B7-83E70B200803}.Debug|x86.Build.0 = Debug|Any CPU
		{0F945D92-6C78-876B-F7B7-83E70B200803}.Release|Any CPU.ActiveCfg = Release|Any CPU
		{0F945D92-6C78-876B-F7B7-83E70B200803}.Release|Any CPU.Build.0 = Release|Any CPU
		{0F945D92-6C78-876B-F7B7-83E70B200803}.Release|x64.ActiveCfg = Release|Any CPU
		{0F945D92-6C78-876B-F7B7-83E70B200803}.Release|x64.Build.0 = Release|Any CPU
		{0F945D92-6C78-876B-F7B7-83E70B200803}.Release|x86.ActiveCfg = Release|Any CPU
		{0F945D92-6C78-876B-F7B7-83E70B200803}.Release|x86.Build.0 = Release|Any CPU
		{21543E4B-3486-477B-AAC7-CA883CE12FC8}.Debug|Any CPU.ActiveCfg = Debug|Any CPU
		{21543E4B-3486-477B-AAC7-CA883CE12FC8}.Debug|Any CPU.Build.0 = Debug|Any CPU
		{21543E4B-3486-477B-AAC7-CA883CE12FC8}.Debug|x64.ActiveCfg = Debug|Any CPU
		{21543E4B-3486-477B-AAC7-CA883CE12FC8}.Debug|x64.Build.0 = Debug|Any CPU
		{21543E4B-3486-477B-AAC7-CA883CE12FC8}.Debug|x86.ActiveCfg = Debug|Any CPU
		{21543E4B-3486-477B-AAC7-CA883CE12FC8}.Debug|x86.Build.0 = Debug|Any CPU
		{21543E4B-3486-477B-AAC7-CA883CE12FC8}.Release|Any CPU.ActiveCfg = Release|Any CPU
		{21543E4B-3486-477B-AAC7-CA883CE12FC8}.Release|Any CPU.Build.0 = Release|Any CPU
		{21543E4B-3486-477B-AAC7-CA883CE12FC8}.Release|x64.ActiveCfg = Release|Any CPU
		{21543E4B-3486-477B-AAC7-CA883CE12FC8}.Release|x64.Build.0 = Release|Any CPU
		{21543E4B-3486-477B-AAC7-CA883CE12FC8}.Release|x86.ActiveCfg = Release|Any CPU
		{21543E4B-3486-477B-AAC7-CA883CE12FC8}.Release|x86.Build.0 = Release|Any CPU
	EndGlobalSection
	GlobalSection(SolutionProperties) = preSolution
		HideSolutionNode = FALSE
	EndGlobalSection
	GlobalSection(NestedProjects) = preSolution
		{A5FE5550-1A7D-4379-3120-B0EB52354176} = {827E0CD3-B72D-47B6-A68D-7590B98EB39B}
		{0F945D92-6C78-876B-F7B7-83E70B200803} = {A5FE5550-1A7D-4379-3120-B0EB52354176}
		{A82048BE-9F63-0AF5-69D3-E0DBA9F77293} = {827E0CD3-B72D-47B6-A68D-7590B98EB39B}
		{21543E4B-3486-477B-AAC7-CA883CE12FC8} = {A82048BE-9F63-0AF5-69D3-E0DBA9F77293}
	EndGlobalSection
	GlobalSection(ExtensibilityGlobals) = postSolution
		SolutionGuid = {46E858D0-2DB7-4224-ADC5-09E1A238867B}
	EndGlobalSection
EndGlobal
