Microsoft Visual Studio Solution File, Format Version 12.00
# Scope marker: BenchmarkDotNet locates the nearest .sln when resolving the
# project file. Without this stub, BDN's repo-wide search finds both
# src/linux/FannkuchBenchmark/FannkuchBenchmark.csproj and the Windows one
# and aborts with "Benchmark project names needs to be unique."
Project("{FAE04EC0-301F-11D3-BF4B-00C04F79EFBC}") = "FannkuchBenchmark", "FannkuchBenchmark.csproj", "{C2B2C3B3-2222-3333-4444-555566667777}"
EndProject
Global
	GlobalSection(SolutionConfigurationPlatforms) = preSolution
		Debug|Any CPU = Debug|Any CPU
		Release|Any CPU = Release|Any CPU
	EndGlobalSection
	GlobalSection(ProjectConfigurationPlatforms) = postSolution
		{C2B2C3B3-2222-3333-4444-555566667777}.Debug|Any CPU.ActiveCfg = Debug|Any CPU
		{C2B2C3B3-2222-3333-4444-555566667777}.Debug|Any CPU.Build.0 = Debug|Any CPU
		{C2B2C3B3-2222-3333-4444-555566667777}.Release|Any CPU.ActiveCfg = Release|Any CPU
		{C2B2C3B3-2222-3333-4444-555566667777}.Release|Any CPU.Build.0 = Release|Any CPU
	EndGlobalSection
EndGlobal
